// !$*UTF8*$!
{
	archiveVersion = 1;
	classes = {
	};
	objectVersion = 56;
	objects = {

/* Begin PBXBuildFile section */
		E445C9102A6443680019887D /* testing_swiftApp.swift in Sources */ = {isa = PBXBuildFile; fileRef = E445C90F2A6443680019887D /* testing_swiftApp.swift */; };
		E445C9122A6443680019887D /* ContentView.swift in Sources */ = {isa = PBXBuildFile; fileRef = E445C9112A6443680019887D /* ContentView.swift */; };
		E445C9142A6443690019887D /* Assets.xcassets in Resources */ = {isa = PBXBuildFile; fileRef = E445C9132A6443690019887D /* Assets.xcassets */; };
		E445C9172A6443690019887D /* Preview Assets.xcassets in Resources */ = {isa = PBXBuildFile; fileRef = E445C9162A6443690019887D /* Preview Assets.xcassets */; };
		E445C9212A6443690019887D /* testing_swiftTests.swift in Sources */ = {isa = PBXBuildFile; fileRef = E445C9202A6443690019887D /* testing_swiftTests.swift */; };
		E445C92B2A6443690019887D /* testing_swiftUITests.swift in Sources */ = {isa = PBXBuildFile; fileRef = E445C92A2A6443690019887D /* testing_swiftUITests.swift */; };
		E445C92D2A6443690019887D /* testing_swiftUITestsLaunchTests.swift in Sources */ = {isa = PBXBuildFile; fileRef = E445C92C2A6443690019887D /* testing_swiftUITestsLaunchTests.swift */; };
		E445C93A2A64437E0019887D /* Hater.swift in Sources */ = {isa = PBXBuildFile; fileRef = E445C9392A64437E0019887D /* Hater.swift */; };
/* End PBXBuildFile section */

/* Begin PBXContainerItemProxy section */
		E445C91D2A6443690019887D /* PBXContainerItemProxy */ = {
			isa = PBXContainerItemProxy;
			containerPortal = E445C9042A6443680019887D /* Project object */;
			proxyType = 1;
			remoteGlobalIDString = E445C90B2A6443680019887D;
			remoteInfo = "testing-swift";
		};
		E445C9272A6443690019887D /* PBXContainerItemProxy */ = {
			isa = PBXContainerItemProxy;
			containerPortal = E445C9042A6443680019887D /* Project object */;
			proxyType = 1;
			remoteGlobalIDString = E445C90B2A6443680019887D;
			remoteInfo = "testing-swift";
		};
/* End PBXContainerItemProxy section */

/* Begin PBXFileReference section */
		E445C90C2A6443680019887D /* testing-swift.app */ = {isa = PBXFileReference; explicitFileType = wrapper.application; includeInIndex = 0; path = "testing-swift.app"; sourceTree = BUILT_PRODUCTS_DIR; };
		E445C90F2A6443680019887D /* testing_swiftApp.swift */ = {isa = PBXFileReference; lastKnownFileType = sourcecode.swift; path = testing_swiftApp.swift; sourceTree = "<group>"; };
		E445C9112A6443680019887D /* ContentView.swift */ = {isa = PBXFileReference; lastKnownFileType = sourcecode.swift; path = ContentView.swift; sourceTree = "<group>"; };
		E445C9132A6443690019887D /* Assets.xcassets */ = {isa = PBXFileReference; lastKnownFileType = folder.assetcatalog; path = Assets.xcassets; sourceTree = "<group>"; };
		E445C9162A6443690019887D /* Preview Assets.xcassets */ = {isa = PBXFileReference; lastKnownFileType = folder.assetcatalog; path = "Preview Assets.xcassets"; sourceTree = "<group>"; };
		E445C91C2A6443690019887D /* testing-swiftTests.xctest */ = {isa = PBXFileReference; explicitFileType = wrapper.cfbundle; includeInIndex = 0; path = "testing-swiftTests.xctest"; sourceTree = BUILT_PRODUCTS_DIR; };
		E445C9202A6443690019887D /* testing_swiftTests.swift */ = {isa = PBXFileReference; lastKnownFileType = sourcecode.swift; path = testing_swiftTests.swift; sourceTree = "<group>"; };
		E445C9262A6443690019887D /* testing-swiftUITests.xctest */ = {isa = PBXFileReference; explicitFileType = wrapper.cfbundle; includeInIndex = 0; path = "testing-swiftUITests.xctest"; sourceTree = BUILT_PRODUCTS_DIR; };
		E445C92A2A6443690019887D /* testing_swiftUITests.swift */ = {isa = PBXFileReference; lastKnownFileType = sourcecode.swift; path = testing_swiftUITests.swift; sourceTree = "<group>"; };
		E445C92C2A6443690019887D /* testing_swiftUITestsLaunchTests.swift */ = {isa = PBXFileReference; lastKnownFileType = sourcecode.swift; path = testing_swiftUITestsLaunchTests.swift; sourceTree = "<group>"; };
		E445C9392A64437E0019887D /* Hater.swift */ = {isa = PBXFileReference; lastKnownFileType = sourcecode.swift; path = Hater.swift; sourceTree = "<group>"; };
/* End PBXFileReference section */

/* Begin PBXFrameworksBuildPhase section */
		E445C9092A6443680019887D /* Frameworks */ = {
			isa = PBXFrameworksBuildPhase;
			buildActionMask = 2147483647;
			files = (
			);
			runOnlyForDeploymentPostprocessing = 0;
		};
		E445C9192A6443690019887D /* Frameworks */ = {
			isa = PBXFrameworksBuildPhase;
			buildActionMask = 2147483647;
			files = (
			);
			runOnlyForDeploymentPostprocessing = 0;
		};
		E445C9232A6443690019887D /* Frameworks */ = {
			isa = PBXFrameworksBuildPhase;
			buildActionMask = 2147483647;
			files = (
			);
			runOnlyForDeploymentPostprocessing = 0;
		};
/* End PBXFrameworksBuildPhase section */

/* Begin PBXGroup section */
		E445C9032A6443680019887D = {
			isa = PBXGroup;
			children = (
				E445C90E2A6443680019887D /* testing-swift */,
				E445C91F2A6443690019887D /* testing-swiftTests */,
				E445C9292A6443690019887D /* testing-swiftUITests */,
				E445C90D2A6443680019887D /* Products */,
			);
			sourceTree = "<group>";
		};
		E445C90D2A6443680019887D /* Products */ = {
			isa = PBXGroup;
			children = (
				E445C90C2A6443680019887D /* testing-swift.app */,
				E445C91C2A6443690019887D /* testing-swiftTests.xctest */,
				E445C9262A6443690019887D /* testing-swiftUITests.xctest */,
			);
			name = Products;
			sourceTree = "<group>";
		};
		E445C90E2A6443680019887D /* testing-swift */ = {
			isa = PBXGroup;
			children = (
				E445C90F2A6443680019887D /* testing_swiftApp.swift */,
				E445C9112A6443680019887D /* ContentView.swift */,
				E445C9132A6443690019887D /* Assets.xcassets */,
				E445C9152A6443690019887D /* Preview Content */,
				E445C9392A64437E0019887D /* Hater.swift */,
			);
			path = "testing-swift";
			sourceTree = "<group>";
		};
		E445C9152A6443690019887D /* Preview Content */ = {
			isa = PBXGroup;
			children = (
				E445C9162A6443690019887D /* Preview Assets.xcassets */,
			);
			path = "Preview Content";
			sourceTree = "<group>";
		};
		E445C91F2A6443690019887D /* testing-swiftTests */ = {
			isa = PBXGroup;
			children = (
				E445C9202A6443690019887D /* testing_swiftTests.swift */,
			);
			path = "testing-swiftTests";
			sourceTree = "<group>";
		};
		E445C9292A6443690019887D /* testing-swiftUITests */ = {
			isa = PBXGroup;
			children = (
				E445C92A2A6443690019887D /* testing_swiftUITests.swift */,
				E445C92C2A6443690019887D /* testing_swiftUITestsLaunchTests.swift */,
			);
			path = "testing-swiftUITests";
			sourceTree = "<group>";
		};
/* End PBXGroup section */

/* Begin PBXNativeTarget section */
		E445C90B2A6443680019887D /* testing-swift */ = {
			isa = PBXNativeTarget;
			buildConfigurationList = E445C9302A6443690019887D /* Build configuration list for PBXNativeTarget "testing-swift" */;
			buildPhases = (
				E445C9082A6443680019887D /* Sources */,
				E445C9092A6443680019887D /* Frameworks */,
				E445C90A2A6443680019887D /* Resources */,
			);
			buildRules = (
			);
			dependencies = (
			);
			name = "testing-swift";
			productName = "testing-swift";
			productReference = E445C90C2A6443680019887D /* testing-swift.app */;
			productType = "com.apple.product-type.application";
		};
		E445C91B2A6443690019887D /* testing-swiftTests */ = {
			isa = PBXNativeTarget;
			buildConfigurationList = E445C9332A6443690019887D /* Build configuration list for PBXNativeTarget "testing-swiftTests" */;
			buildPhases = (
				E445C9182A6443690019887D /* Sources */,
				E445C9192A6443690019887D /* Frameworks */,
				E445C91A2A6443690019887D /* Resources */,
			);
			buildRules = (
			);
			dependencies = (
				E445C91E2A6443690019887D /* PBXTargetDependency */,
			);
			name = "testing-swiftTests";
			productName = "testing-swiftTests";
			productReference = E445C91C2A6443690019887D /* testing-swiftTests.xctest */;
			productType = "com.apple.product-type.bundle.unit-test";
		};
		E445C9252A6443690019887D /* testing-swiftUITests */ = {
			isa = PBXNativeTarget;
			buildConfigurationList = E445C9362A6443690019887D /* Build configuration list for PBXNativeTarget "testing-swiftUITests" */;
			buildPhases = (
				E445C9222A6443690019887D /* Sources */,
				E445C9232A6443690019887D /* Frameworks */,
				E445C9242A6443690019887D /* Resources */,
			);
			buildRules = (
			);
			dependencies = (
				E445C9282A6443690019887D /* PBXTargetDependency */,
			);
			name = "testing-swiftUITests";
			productName = "testing-swiftUITests";
			productReference = E445C9262A6443690019887D /* testing-swiftUITests.xctest */;
			productType = "com.apple.product-type.bundle.ui-testing";
		};
/* End PBXNativeTarget section */

/* Begin PBXProject section */
		E445C9042A6443680019887D /* Project object */ = {
			isa = PBXProject;
			attributes = {
				BuildIndependentTargetsInParallel = 1;
				LastSwiftUpdateCheck = 1430;
				LastUpgradeCheck = 1430;
				TargetAttributes = {
					E445C90B2A6443680019887D = {
						CreatedOnToolsVersion = 14.3.1;
					};
					E445C91B2A6443690019887D = {
						CreatedOnToolsVersion = 14.3.1;
						TestTargetID = E445C90B2A6443680019887D;
					};
					E445C9252A6443690019887D = {
						CreatedOnToolsVersion = 14.3.1;
						TestTargetID = E445C90B2A6443680019887D;
					};
				};
			};
			buildConfigurationList = E445C9072A6443680019887D /* Build configuration list for PBXProject "testing-swift" */;
			compatibilityVersion = "Xcode 14.0";
			developmentRegion = en;
			hasScannedForEncodings = 0;
			knownRegions = (
				en,
				Base,
			);
			mainGroup = E445C9032A6443680019887D;
			productRefGroup = E445C90D2A6443680019887D /* Products */;
			projectDirPath = "";
			projectRoot = "";
			targets = (
				E445C90B2A6443680019887D /* testing-swift */,
				E445C91B2A6443690019887D /* testing-swiftTests */,
				E445C9252A6443690019887D /* testing-swiftUITests */,
			);
		};
/* End PBXProject section */

/* Begin PBXResourcesBuildPhase section */
		E445C90A2A6443680019887D /* Resources */ = {
			isa = PBXResourcesBuildPhase;
			buildActionMask = 2147483647;
			files = (
				E445C9172A6443690019887D /* Preview Assets.xcassets in Resources */,
				E445C9142A6443690019887D /* Assets.xcassets in Resources */,
			);
			runOnlyForDeploymentPostprocessing = 0;
		};
		E445C91A2A6443690019887D /* Resources */ = {
			isa = PBXResourcesBuildPhase;
			buildActionMask = 2147483647;
			files = (
			);
			runOnlyForDeploymentPostprocessing = 0;
		};
		E445C9242A6443690019887D /* Resources */ = {
			isa = PBXResourcesBuildPhase;
			buildActionMask = 2147483647;
			files = (
			);
			runOnlyForDeploymentPostprocessing = 0;
		};
/* End PBXResourcesBuildPhase section */

/* Begin PBXSourcesBuildPhase section */
		E445C9082A6443680019887D /* Sources */ = {
			isa = PBXSourcesBuildPhase;
			buildActionMask = 2147483647;
			files = (
				E445C9122A6443680019887D /* ContentView.swift in Sources */,
				E445C9102A6443680019887D /* testing_swiftApp.swift in Sources */,
				E445C93A2A64437E0019887D /* Hater.swift in Sources */,
			);
			runOnlyForDeploymentPostprocessing = 0;
		};
		E445C9182A6443690019887D /* Sources */ = {
			isa = PBXSourcesBuildPhase;
			buildActionMask = 2147483647;
			files = (
				E445C9212A6443690019887D /* testing_swiftTests.swift in Sources */,
			);
			runOnlyForDeploymentPostprocessing = 0;
		};
		E445C9222A6443690019887D /* Sources */ = {
			isa = PBXSourcesBuildPhase;
			buildActionMask = 2147483647;
			files = (
				E445C92B2A6443690019887D /* testing_swiftUITests.swift in Sources */,
				E445C92D2A6443690019887D /* testing_swiftUITestsLaunchTests.swift in Sources */,
			);
			runOnlyForDeploymentPostprocessing = 0;
		};
/* End PBXSourcesBuildPhase section */

/* Begin PBXTargetDependency section */
		E445C91E2A6443690019887D /* PBXTargetDependency */ = {
			isa = PBXTargetDependency;
			target = E445C90B2A6443680019887D /* testing-swift */;
			targetProxy = E445C91D2A6443690019887D /* PBXContainerItemProxy */;
		};
		E445C9282A6443690019887D /* PBXTargetDependency */ = {
			isa = PBXTargetDependency;
			target = E445C90B2A6443680019887D /* testing-swift */;
			targetProxy = E445C9272A6443690019887D /* PBXContainerItemProxy */;
		};
/* End PBXTargetDependency section */

/* Begin XCBuildConfiguration section */
		E445C92E2A6443690019887D /* Debug */ = {
			isa = XCBuildConfiguration;
			buildSettings = {
				ALWAYS_SEARCH_USER_PATHS = NO;
				CLANG_ANALYZER_NONNULL = YES;
				CLANG_ANALYZER_NUMBER_OBJECT_CONVERSION = YES_AGGRESSIVE;
				CLANG_CXX_LANGUAGE_STANDARD = "gnu++20";
				CLANG_ENABLE_MODULES = YES;
				CLANG_ENABLE_OBJC_ARC = YES;
				CLANG_ENABLE_OBJC_WEAK = YES;
				CLANG_WARN_BLOCK_CAPTURE_AUTORELEASING = YES;
				CLANG_WARN_BOOL_CONVERSION = YES;
				CLANG_WARN_COMMA = YES;
				CLANG_WARN_CONSTANT_CONVERSION = YES;
				CLANG_WARN_DEPRECATED_OBJC_IMPLEMENTATIONS = YES;
				CLANG_WARN_DIRECT_OBJC_ISA_USAGE = YES_ERROR;
				CLANG_WARN_DOCUMENTATION_COMMENTS = YES;
				CLANG_WARN_EMPTY_BODY = YES;
				CLANG_WARN_ENUM_CONVERSION = YES;
				CLANG_WARN_INFINITE_RECURSION = YES;
				CLANG_WARN_INT_CONVERSION = YES;
				CLANG_WARN_NON_LITERAL_NULL_CONVERSION = YES;
				CLANG_WARN_OBJC_IMPLICIT_RETAIN_SELF = YES;
				CLANG_WARN_OBJC_LITERAL_CONVERSION = YES;
				CLANG_WARN_OBJC_ROOT_CLASS = YES_ERROR;
				CLANG_WARN_QUOTED_INCLUDE_IN_FRAMEWORK_HEADER = YES;
				CLANG_WARN_RANGE_LOOP_ANALYSIS = YES;
				CLANG_WARN_STRICT_PROTOTYPES = YES;
				CLANG_WARN_SUSPICIOUS_MOVE = YES;
				CLANG_WARN_UNGUARDED_AVAILABILITY = YES_AGGRESSIVE;
				CLANG_WARN_UNREACHABLE_CODE = YES;
				CLANG_WARN__DUPLICATE_METHOD_MATCH = YES;
				COPY_PHASE_STRIP = NO;
				DEBUG_INFORMATION_FORMAT = dwarf;
				ENABLE_STRICT_OBJC_MSGSEND = YES;
				ENABLE_TESTABILITY = YES;
				GCC_C_LANGUAGE_STANDARD = gnu11;
				GCC_DYNAMIC_NO_PIC = NO;
				GCC_NO_COMMON_BLOCKS = YES;
				GCC_OPTIMIZATION_LEVEL = 0;
				GCC_PREPROCESSOR_DEFINITIONS = (
					"DEBUG=1",
					"$(inherited)",
				);
				GCC_WARN_64_TO_32_BIT_CONVERSION = YES;
				GCC_WARN_ABOUT_RETURN_TYPE = YES_ERROR;
				GCC_WARN_UNDECLARED_SELECTOR = YES;
				GCC_WARN_UNINITIALIZED_AUTOS = YES_AGGRESSIVE;
				GCC_WARN_UNUSED_FUNCTION = YES;
				GCC_WARN_UNUSED_VARIABLE = YES;
				IPHONEOS_DEPLOYMENT_TARGET = 16.4;
				MTL_ENABLE_DEBUG_INFO = INCLUDE_SOURCE;
				MTL_FAST_MATH = YES;
				ONLY_ACTIVE_ARCH = YES;
				SDKROOT = iphoneos;
				SWIFT_ACTIVE_COMPILATION_CONDITIONS = DEBUG;
				SWIFT_OPTIMIZATION_LEVEL = "-Onone";
			};
			name = Debug;
		};
		E445C92F2A6443690019887D /* Release */ = {
			isa = XCBuildConfiguration;
			buildSettings = {
				ALWAYS_SEARCH_USER_PATHS = NO;
				CLANG_ANALYZER_NONNULL = YES;
				CLANG_ANALYZER_NUMBER_OBJECT_CONVERSION = YES_AGGRESSIVE;
				CLANG_CXX_LANGUAGE_STANDARD = "gnu++20";
				CLANG_ENABLE_MODULES = YES;
				CLANG_ENABLE_OBJC_ARC = YES;
				CLANG_ENABLE_OBJC_WEAK = YES;
				CLANG_WARN_BLOCK_CAPTURE_AUTORELEASING = YES;
				CLANG_WARN_BOOL_CONVERSION = YES;
				CLANG_WARN_COMMA = YES;
				CLANG_WARN_CONSTANT_CONVERSION = YES;
				CLANG_WARN_DEPRECATED_OBJC_IMPLEMENTATIONS = YES;
				CLANG_WARN_DIRECT_OBJC_ISA_USAGE = YES_ERROR;
				CLANG_WARN_DOCUMENTATION_COMMENTS = YES;
				CLANG_WARN_EMPTY_BODY = YES;
				CLANG_WARN_ENUM_CONVERSION = YES;
				CLANG_WARN_INFINITE_RECURSION = YES;
				CLANG_WARN_INT_CONVERSION = YES;
				CLANG_WARN_NON_LITERAL_NULL_CONVERSION = YES;
				CLANG_WARN_OBJC_IMPLICIT_RETAIN_SELF = YES;
				CLANG_WARN_OBJC_LITERAL_CONVERSION = YES;
				CLANG_WARN_OBJC_ROOT_CLASS = YES_ERROR;
				CLANG_WARN_QUOTED_INCLUDE_IN_FRAMEWORK_HEADER = YES;
				CLANG_WARN_RANGE_LOOP_ANALYSIS = YES;
				CLANG_WARN_STRICT_PROTOTYPES = YES;
				CLANG_WARN_SUSPICIOUS_MOVE = YES;
				CLANG_WARN_UNGUARDED_AVAILABILITY = YES_AGGRESSIVE;
				CLANG_WARN_UNREACHABLE_CODE = YES;
				CLANG_WARN__DUPLICATE_METHOD_MATCH = YES;
				COPY_PHASE_STRIP = NO;
				DEBUG_INFORMATION_FORMAT = "dwarf-with-dsym";
				ENABLE_NS_ASSERTIONS = NO;
				ENABLE_STRICT_OBJC_MSGSEND = YES;
				GCC_C_LANGUAGE_STANDARD = gnu11;
				GCC_NO_COMMON_BLOCKS = YES;
				GCC_WARN_64_TO_32_BIT_CONVERSION = YES;
				GCC_WARN_ABOUT_RETURN_TYPE = YES_ERROR;
				GCC_WARN_UNDECLARED_SELECTOR = YES;
				GCC_WARN_UNINITIALIZED_AUTOS = YES_AGGRESSIVE;
				GCC_WARN_UNUSED_FUNCTION = YES;
				GCC_WARN_UNUSED_VARIABLE = YES;
				IPHONEOS_DEPLOYMENT_TARGET = 16.4;
				MTL_ENABLE_DEBUG_INFO = NO;
				MTL_FAST_MATH = YES;
				SDKROOT = iphoneos;
				SWIFT_COMPILATION_MODE = wholemodule;
				SWIFT_OPTIMIZATION_LEVEL = "-O";
				VALIDATE_PRODUCT = YES;
			};
			name = Release;
		};
		E445C9312A6443690019887D /* Debug */ = {
			isa = XCBuildConfiguration;
			buildSettings = {
				ASSETCATALOG_COMPILER_APPICON_NAME = AppIcon;
				ASSETCATALOG_COMPILER_GLOBAL_ACCENT_COLOR_NAME = AccentColor;
				CODE_SIGN_STYLE = Automatic;
				CURRENT_PROJECT_VERSION = 1;
				DEVELOPMENT_ASSET_PATHS = "\"testing-swift/Preview Content\"";
				DEVELOPMENT_TEAM = A2HV83CQ65;
				ENABLE_PREVIEWS = YES;
				GENERATE_INFOPLIST_FILE = YES;
				INFOPLIST_KEY_UIApplicationSceneManifest_Generation = YES;
				INFOPLIST_KEY_UIApplicationSupportsIndirectInputEvents = YES;
				INFOPLIST_KEY_UILaunchScreen_Generation = YES;
				INFOPLIST_KEY_UISupportedInterfaceOrientations_iPad = "UIInterfaceOrientationPortrait UIInterfaceOrientationPortraitUpsideDown UIInterfaceOrientationLandscapeLeft UIInterfaceOrientationLandscapeRight";
				INFOPLIST_KEY_UISupportedInterfaceOrientations_iPhone = "UIInterfaceOrientationPortrait UIInterfaceOrientationLandscapeLeft UIInterfaceOrientationLandscapeRight";
				LD_RUNPATH_SEARCH_PATHS = (
					"$(inherited)",
					"@executable_path/Frameworks",
				);
				MARKETING_VERSION = 1.0;
				PRODUCT_BUNDLE_IDENTIFIER = "com.proastudios.testing-swift";
				PRODUCT_NAME = "$(TARGET_NAME)";
				SWIFT_EMIT_LOC_STRINGS = YES;
				SWIFT_VERSION = 5.0;
				TARGETED_DEVICE_FAMILY = "1,2";
			};
			name = Debug;
		};
		E445C9322A6443690019887D /* Release */ = {
			isa = XCBuildConfiguration;
			buildSettings = {
				ASSETCATALOG_COMPILER_APPICON_NAME = AppIcon;
				ASSETCATALOG_COMPILER_GLOBAL_ACCENT_COLOR_NAME = AccentColor;
				CODE_SIGN_STYLE = Automatic;
				CURRENT_PROJECT_VERSION = 1;
				DEVELOPMENT_ASSET_PATHS = "\"testing-swift/Preview Content\"";
				DEVELOPMENT_TEAM = A2HV83CQ65;
				ENABLE_PREVIEWS = YES;
				GENERATE_INFOPLIST_FILE = YES;
				INFOPLIST_KEY_UIApplicationSceneManifest_Generation = YES;
				INFOPLIST_KEY_UIApplicationSupportsIndirectInputEvents = YES;
				INFOPLIST_KEY_UILaunchScreen_Generation = YES;
				INFOPLIST_KEY_UISupportedInterfaceOrientations_iPad = "UIInterfaceOrientationPortrait UIInterfaceOrientationPortraitUpsideDown UIInterfaceOrientationLandscapeLeft UIInterfaceOrientationLandscapeRight";
				INFOPLIST_KEY_UISupportedInterfaceOrientations_iPhone = "UIInterfaceOrientationPortrait UIInterfaceOrientationLandscapeLeft UIInterfaceOrientationLandscapeRight";
				LD_RUNPATH_SEARCH_PATHS = (
					"$(inherited)",
					"@executable_path/Frameworks",
				);
				MARKETING_VERSION = 1.0;
				PRODUCT_BUNDLE_IDENTIFIER = "com.proastudios.testing-swift";
				PRODUCT_NAME = "$(TARGET_NAME)";
				SWIFT_EMIT_LOC_STRINGS = YES;
				SWIFT_VERSION = 5.0;
				TARGETED_DEVICE_FAMILY = "1,2";
			};
			name = Release;
		};
		E445C9342A6443690019887D /* Debug */ = {
			isa = XCBuildConfiguration;
			buildSettings = {
				ALWAYS_EMBED_SWIFT_STANDARD_LIBRARIES = YES;
				BUNDLE_LOADER = "$(TEST_HOST)";
				CODE_SIGN_STYLE = Automatic;
				CURRENT_PROJECT_VERSION = 1;
				DEVELOPMENT_TEAM = A2HV83CQ65;
				GENERATE_INFOPLIST_FILE = YES;
				IPHONEOS_DEPLOYMENT_TARGET = 16.4;
				MARKETING_VERSION = 1.0;
				PRODUCT_BUNDLE_IDENTIFIER = "com.proastudios.testing-swiftTests";
				PRODUCT_NAME = "$(TARGET_NAME)";
				SWIFT_EMIT_LOC_STRINGS = NO;
				SWIFT_VERSION = 5.0;
				TARGETED_DEVICE_FAMILY = "1,2";
				TEST_HOST = "$(BUILT_PRODUCTS_DIR)/testing-swift.app/$(BUNDLE_EXECUTABLE_FOLDER_PATH)/testing-swift";
			};
			name = Debug;
		};
		E445C9352A6443690019887D /* Release */ = {
			isa = XCBuildConfiguration;
			buildSettings = {
				ALWAYS_EMBED_SWIFT_STANDARD_LIBRARIES = YES;
				BUNDLE_LOADER = "$(TEST_HOST)";
				CODE_SIGN_STYLE = Automatic;
				CURRENT_PROJECT_VERSION = 1;
				DEVELOPMENT_TEAM = A2HV83CQ65;
				GENERATE_INFOPLIST_FILE = YES;
				IPHONEOS_DEPLOYMENT_TARGET = 16.4;
				MARKETING_VERSION = 1.0;
				PRODUCT_BUNDLE_IDENTIFIER = "com.proastudios.testing-swiftTests";
				PRODUCT_NAME = "$(TARGET_NAME)";
				SWIFT_EMIT_LOC_STRINGS = NO;
				SWIFT_VERSION = 5.0;
				TARGETED_DEVICE_FAMILY = "1,2";
				TEST_HOST = "$(BUILT_PRODUCTS_DIR)/testing-swift.app/$(BUNDLE_EXECUTABLE_FOLDER_PATH)/testing-swift";
			};
			name = Release;
		};
		E445C9372A6443690019887D /* Debug */ = {
			isa = XCBuildConfiguration;
			buildSettings = {
				ALWAYS_EMBED_SWIFT_STANDARD_LIBRARIES = YES;
				CODE_SIGN_STYLE = Automatic;
				CURRENT_PROJECT_VERSION = 1;
				DEVELOPMENT_TEAM = A2HV83CQ65;
				GENERATE_INFOPLIST_FILE = YES;
				MARKETING_VERSION = 1.0;
				PRODUCT_BUNDLE_IDENTIFIER = "com.proastudios.testing-swiftUITests";
				PRODUCT_NAME = "$(TARGET_NAME)";
				SWIFT_EMIT_LOC_STRINGS = NO;
				SWIFT_VERSION = 5.0;
				TARGETED_DEVICE_FAMILY = "1,2";
				TEST_TARGET_NAME = "testing-swift";
			};
			name = Debug;
		};
		E445C9382A6443690019887D /* Release */ = {
			isa = XCBuildConfiguration;
			buildSettings = {
				ALWAYS_EMBED_SWIFT_STANDARD_LIBRARIES = YES;
				CODE_SIGN_STYLE = Automatic;
				CURRENT_PROJECT_VERSION = 1;
				DEVELOPMENT_TEAM = A2HV83CQ65;
				GENERATE_INFOPLIST_FILE = YES;
				MARKETING_VERSION = 1.0;
				PRODUCT_BUNDLE_IDENTIFIER = "com.proastudios.testing-swiftUITests";
				PRODUCT_NAME = "$(TARGET_NAME)";
				SWIFT_EMIT_LOC_STRINGS = NO;
				SWIFT_VERSION = 5.0;
				TARGETED_DEVICE_FAMILY = "1,2";
				TEST_TARGET_NAME = "testing-swift";
			};
			name = Release;
		};
/* End XCBuildConfiguration section */

/* Begin XCConfigurationList section */
		E445C9072A6443680019887D /* Build configuration list for PBXProject "testing-swift" */ = {
			isa = XCConfigurationList;
			buildConfigurations = (
				E445C92E2A6443690019887D /* Debug */,
				E445C92F2A6443690019887D /* Release */,
			);
			defaultConfigurationIsVisible = 0;
			defaultConfigurationName = Release;
		};
		E445C9302A6443690019887D /* Build configuration list for PBXNativeTarget "testing-swift" */ = {
			isa = XCConfigurationList;
			buildConfigurations = (
				E445C9312A6443690019887D /* Debug */,
				E445C9322A6443690019887D /* Release */,
			);
			defaultConfigurationIsVisible = 0;
			defaultConfigurationName = Release;
		};
		E445C9332A6443690019887D /* Build configuration list for PBXNativeTarget "testing-swiftTests" */ = {
			isa = XCConfigurationList;
			buildConfigurations = (
				E445C9342A6443690019887D /* Debug */,
				E445C9352A6443690019887D /* Release */,
			);
			defaultConfigurationIsVisible = 0;
			defaultConfigurationName = Release;
		};
		E445C9362A6443690019887D /* Build configuration list for PBXNativeTarget "testing-swiftUITests" */ = {
			isa = XCConfigurationList;
			buildConfigurations = (
				E445C9372A6443690019887D /* Debug */,
				E445C9382A6443690019887D /* Release */,
			);
			defaultConfigurationIsVisible = 0;
			defaultConfigurationName = Release;
		};
/* End XCConfigurationList section */
	};
	rootObject = E445C9042A6443680019887D /* Project object */;
}
